
Microsoft Visual Studio Solution File, Format Version 12.00
# Visual Studio Version 17
VisualStudioVersion = 17.4.33103.184
MinimumVisualStudioVersion = 10.0.40219.1
Project("{FAE04EC0-301F-11D3-BF4B-00C04F79EFBC}") = "LayerMixer", "LayerMixer.csproj", "{9FF25868-D69D-475F-BD8B-F6837A1332F9}"
EndProject
Project("{2150E333-8FDC-42A3-9474-1A3956D46DE8}") = "Solution Items", "Solution Items", "{ACA497FE-0EA7-49AD-ABDB-65D7AEAB9221}"
	ProjectSection(SolutionItems) = preProject
		Assets.xcassets\Contents.json = Assets.xcassets\Contents.json
		Media.xcassets\Contents.json = Media.xcassets\Contents.json
		Entitlements.plist = Entitlements.plist
	EndProjectSection
EndProject
Global
	GlobalSection(SolutionConfigurationPlatforms) = preSolution
		Debug|Any CPU = Debug|Any CPU
		Release|Any CPU = Release|Any CPU
	EndGlobalSection
	GlobalSection(ProjectConfigurationPlatforms) = postSolution
		{9FF25868-D69D-475F-BD8B-F6837A1332F9}.Debug|Any CPU.ActiveCfg = Debug|Any CPU
		{9FF25868-D69D-475F-BD8B-F6837A1332F9}.Debug|Any CPU.Build.0 = Debug|Any CPU
		{9FF25868-D69D-475F-BD8B-F6837A1332F9}.Release|Any CPU.ActiveCfg = Release|Any CPU
		{9FF25868-D69D-475F-BD8B-F6837A1332F9}.Release|Any CPU.Build.0 = Release|Any CPU
	EndGlobalSection
	GlobalSection(SolutionProperties) = preSolution
		HideSolutionNode = FALSE
	EndGlobalSection
	GlobalSection(ExtensibilityGlobals) = postSolution
		SolutionGuid = {20272EE8-6CDB-4873-88F0-8EC46EA4E942}
	EndGlobalSection
EndGlobal
